
Microsoft Visual Studio Solution File, Format Version 12.00
# Visual Studio Version 16
VisualStudioVersion = 16.0.30523.141
MinimumVisualStudioVersion = 10.0.40219.1
Project("{8BC9CEB8-8B4A-11D0-8D11-00A0C91BC942}") = "диалоговое окно", "диалоговое окно.vcxproj", "{9DE45607-DC73-4794-888F-4A8EC23B2369}"
EndProject
Global
	GlobalSection(SolutionConfigurationPlatforms) = preSolution
		Debug|x64 = Debug|x64
		Debug|x86 = Debug|x86
		Release|x64 = Release|x64
		Release|x86 = Release|x86
	EndGlobalSection
	GlobalSection(ProjectConfigurationPlatforms) = postSolution
		{9DE45607-DC73-4794-888F-4A8EC23B2369}.Debug|x64.ActiveCfg = Debug|x64
		{9DE45607-DC73-4794-888F-4A8EC23B2369}.Debug|x64.Build.0 = Debug|x64
		{9DE45607-DC73-4794-888F-4A8EC23B2369}.Debug|x86.ActiveCfg = Debug|Win32
		{9DE45607-DC73-4794-888F-4A8EC23B2369}.Debug|x86.Build.0 = Debug|Win32
		{9DE45607-DC73-4794-888F-4A8EC23B2369}.Release|x64.ActiveCfg = Release|x64
		{9DE45607-DC73-4794-888F-4A8EC23B2369}.Release|x64.Build.0 = Release|x64
		{9DE45607-DC73-4794-888F-4A8EC23B2369}.Release|x86.ActiveCfg = Release|Win32
		{9DE45607-DC73-4794-888F-4A8EC23B2369}.Release|x86.Build.0 = Release|Win32
	EndGlobalSection
	GlobalSection(SolutionProperties) = preSolution
		HideSolutionNode = FALSE
	EndGlobalSection
	GlobalSection(ExtensibilityGlobals) = postSolution
		SolutionGuid = {E2BAE557-FAF5-45E5-BC51-0106C07E5D95}
	EndGlobalSection
EndGlobal
